
Microsoft Visual Studio Solution File, Format Version 12.00
# Visual Studio 15
VisualStudioVersion = 15.0.28307.102
MinimumVisualStudioVersion = 10.0.40219.1
Project("{FAE04EC0-301F-11D3-BF4B-00C04F79EFBC}") = "Branching", "Branching.csproj", "{80304F9D-9113-4BE3-A378-C0F75DBB73EB}"
EndProject
Global
	GlobalSection(SolutionConfigurationPlatforms) = preSolution
		Debug|Any CPU = Debug|Any CPU
		Release|Any CPU = Release|Any CPU
	EndGlobalSection
	GlobalSection(ProjectConfigurationPlatforms) = postSolution
		{80304F9D-9113-4BE3-A378-C0F75DBB73EB}.Debug|Any CPU.ActiveCfg = Debug|Any CPU
		{80304F9D-9113-4BE3-A378-C0F75DBB73EB}.Debug|Any CPU.Build.0 = Debug|Any CPU
		{80304F9D-9113-4BE3-A378-C0F75DBB73EB}.Release|Any CPU.ActiveCfg = Release|Any CPU
		{80304F9D-9113-4BE3-A378-C0F75DBB73EB}.Release|Any CPU.Build.0 = Release|Any CPU
	EndGlobalSection
	GlobalSection(SolutionProperties) = preSolution
		HideSolutionNode = FALSE
	EndGlobalSection
	GlobalSection(ExtensibilityGlobals) = postSolution
		SolutionGuid = {262B3AFF-C29D-4426-9009-5B0F04F798D0}
	EndGlobalSection
EndGlobal
